// !$*UTF8*$!
{
	archiveVersion = 1;
	classes = {
	};
	objectVersion = 50;
	objects = {

/* Begin PBXBuildFile section */
		4A42798DB3632426F038F5B5 /* libPods-NeuralStyleTransfer.a in Frameworks */ = {isa = PBXBuildFile; fileRef = CA309CC2F8289D744764216C /* libPods-NeuralStyleTransfer.a */; };
		F058863E2435303500905B2A /* FNS-The-Scream.mlmodel in Sources */ = {isa = PBXBuildFile; fileRef = F058863D2435303500905B2A /* FNS-The-Scream.mlmodel */; };
		F05886402436E06300905B2A /* StyleCollectionViewCell.swift in Sources */ = {isa = PBXBuildFile; fileRef = F058863F2436E06300905B2A /* StyleCollectionViewCell.swift */; };
		F0588642243815F100905B2A /* FNS-Udnie.mlmodel in Sources */ = {isa = PBXBuildFile; fileRef = F0588641243815F000905B2A /* FNS-Udnie.mlmodel */; };
		F0893AE1245145EA00C26CFE /* StarryNight.mlmodel in Sources */ = {isa = PBXBuildFile; fileRef = F0893AE0245145EA00C26CFE /* StarryNight.mlmodel */; };
		F0893AE32451463E00C26CFE /* Pointillism.mlmodel in Sources */ = {isa = PBXBuildFile; fileRef = F0893AE22451463E00C26CFE /* Pointillism.mlmodel */; };
		F0ABBF7E242B139200084C40 /* FNS-La-Muse.mlmodel in Sources */ = {isa = PBXBuildFile; fileRef = F0ABBF7D242B139200084C40 /* FNS-La-Muse.mlmodel */; };
		F0D1104C24552E8E007531AA /* DownloadUtil.swift in Sources */ = {isa = PBXBuildFile; fileRef = F0D1104B24552E8E007531AA /* DownloadUtil.swift */; };
		F0E23382241B3204001C2A50 /* AppDelegate.swift in Sources */ = {isa = PBXBuildFile; fileRef = F0E23381241B3204001C2A50 /* AppDelegate.swift */; };
		F0E23384241B3204001C2A50 /* SceneDelegate.swift in Sources */ = {isa = PBXBuildFile; fileRef = F0E23383241B3204001C2A50 /* SceneDelegate.swift */; };
		F0E23386241B3204001C2A50 /* ViewController.swift in Sources */ = {isa = PBXBuildFile; fileRef = F0E23385241B3204001C2A50 /* ViewController.swift */; };
		F0E23389241B3204001C2A50 /* Main.storyboard in Resources */ = {isa = PBXBuildFile; fileRef = F0E23387241B3204001C2A50 /* Main.storyboard */; };
		F0E2338B241B3207001C2A50 /* Assets.xcassets in Resources */ = {isa = PBXBuildFile; fileRef = F0E2338A241B3207001C2A50 /* Assets.xcassets */; };
		F0E2338E241B3207001C2A50 /* LaunchScreen.storyboard in Resources */ = {isa = PBXBuildFile; fileRef = F0E2338C241B3207001C2A50 /* LaunchScreen.storyboard */; };
		F0E23399241B3207001C2A50 /* NeuralStyleTransferTests.swift in Sources */ = {isa = PBXBuildFile; fileRef = F0E23398241B3207001C2A50 /* NeuralStyleTransferTests.swift */; };
		F0E233A4241B3207001C2A50 /* NeuralStyleTransferUITests.swift in Sources */ = {isa = PBXBuildFile; fileRef = F0E233A3241B3207001C2A50 /* NeuralStyleTransferUITests.swift */; };
		F0E233B6241D5447001C2A50 /* MLModelProvider.swift in Sources */ = {isa = PBXBuildFile; fileRef = F0E233B5241D5447001C2A50 /* MLModelProvider.swift */; };
		F0E233B8241D547B001C2A50 /* ErrorUtil.swift in Sources */ = {isa = PBXBuildFile; fileRef = F0E233B7241D547B001C2A50 /* ErrorUtil.swift */; };
		F0E233BA241D549B001C2A50 /* UIImage+Resize.swift in Sources */ = {isa = PBXBuildFile; fileRef = F0E233B9241D549B001C2A50 /* UIImage+Resize.swift */; };
		F0E233BC241D54BB001C2A50 /* UIImage+CoreML.swift in Sources */ = {isa = PBXBuildFile; fileRef = F0E233BB241D54BB001C2A50 /* UIImage+CoreML.swift */; };
		F0F77175245F96640077D243 /* Localizable.strings in Resources */ = {isa = PBXBuildFile; fileRef = F0F77177245F96640077D243 /* Localizable.strings */; };
		F0F7717D246105D70077D243 /* PaymentControllerViewController.swift in Sources */ = {isa = PBXBuildFile; fileRef = F0F7717C246105D70077D243 /* PaymentControllerViewController.swift */; };
/* End PBXBuildFile section */

/* Begin PBXContainerItemProxy section */
		F0E23395241B3207001C2A50 /* PBXContainerItemProxy */ = {
			isa = PBXContainerItemProxy;
			containerPortal = F0E23376241B3204001C2A50 /* Project object */;
			proxyType = 1;
			remoteGlobalIDString = F0E2337D241B3204001C2A50;
			remoteInfo = NeuralStyleTransfer;
		};
		F0E233A0241B3207001C2A50 /* PBXContainerItemProxy */ = {
			isa = PBXContainerItemProxy;
			containerPortal = F0E23376241B3204001C2A50 /* Project object */;
			proxyType = 1;
			remoteGlobalIDString = F0E2337D241B3204001C2A50;
			remoteInfo = NeuralStyleTransfer;
		};
/* End PBXContainerItemProxy section */

/* Begin PBXFileReference section */
		5D3DE4CE9A145F7842026C5C /* Pods-NeuralStyleTransfer.debug.xcconfig */ = {isa = PBXFileReference; includeInIndex = 1; lastKnownFileType = text.xcconfig; name = "Pods-NeuralStyleTransfer.debug.xcconfig"; path = "Target Support Files/Pods-NeuralStyleTransfer/Pods-NeuralStyleTransfer.debug.xcconfig"; sourceTree = "<group>"; };
		C87F1A4183C08816D73DBBCD /* Pods-NeuralStyleTransfer.release.xcconfig */ = {isa = PBXFileReference; includeInIndex = 1; lastKnownFileType = text.xcconfig; name = "Pods-NeuralStyleTransfer.release.xcconfig"; path = "Target Support Files/Pods-NeuralStyleTransfer/Pods-NeuralStyleTransfer.release.xcconfig"; sourceTree = "<group>"; };
		CA309CC2F8289D744764216C /* libPods-NeuralStyleTransfer.a */ = {isa = PBXFileReference; explicitFileType = archive.ar; includeInIndex = 0; path = "libPods-NeuralStyleTransfer.a"; sourceTree = BUILT_PRODUCTS_DIR; };
		F058863D2435303500905B2A /* FNS-The-Scream.mlmodel */ = {isa = PBXFileReference; lastKnownFileType = file.mlmodel; path = "FNS-The-Scream.mlmodel"; sourceTree = "<group>"; };
		F058863F2436E06300905B2A /* StyleCollectionViewCell.swift */ = {isa = PBXFileReference; lastKnownFileType = sourcecode.swift; path = StyleCollectionViewCell.swift; sourceTree = "<group>"; };
		F0588641243815F000905B2A /* FNS-Udnie.mlmodel */ = {isa = PBXFileReference; lastKnownFileType = file.mlmodel; path = "FNS-Udnie.mlmodel"; sourceTree = "<group>"; };
		F0893AE0245145EA00C26CFE /* StarryNight.mlmodel */ = {isa = PBXFileReference; lastKnownFileType = file.mlmodel; name = StarryNight.mlmodel; path = ../../../../Desktop/capstone/NSTDemo/NSTDemo/StarryNight.mlmodel; sourceTree = "<group>"; };
		F0893AE22451463E00C26CFE /* Pointillism.mlmodel */ = {isa = PBXFileReference; lastKnownFileType = file.mlmodel; name = Pointillism.mlmodel; path = ../../../../Desktop/capstone/NSTDemo/NSTDemo/Pointillism.mlmodel; sourceTree = "<group>"; };
		F0ABBF7D242B139200084C40 /* FNS-La-Muse.mlmodel */ = {isa = PBXFileReference; lastKnownFileType = file.mlmodel; path = "FNS-La-Muse.mlmodel"; sourceTree = "<group>"; };
		F0D1104B24552E8E007531AA /* DownloadUtil.swift */ = {isa = PBXFileReference; lastKnownFileType = sourcecode.swift; path = DownloadUtil.swift; sourceTree = "<group>"; };
		F0E2337E241B3204001C2A50 /* NeuralStyleTransfer.app */ = {isa = PBXFileReference; explicitFileType = wrapper.application; includeInIndex = 0; path = NeuralStyleTransfer.app; sourceTree = BUILT_PRODUCTS_DIR; };
		F0E23381241B3204001C2A50 /* AppDelegate.swift */ = {isa = PBXFileReference; lastKnownFileType = sourcecode.swift; path = AppDelegate.swift; sourceTree = "<group>"; };
		F0E23383241B3204001C2A50 /* SceneDelegate.swift */ = {isa = PBXFileReference; lastKnownFileType = sourcecode.swift; path = SceneDelegate.swift; sourceTree = "<group>"; };
		F0E23385241B3204001C2A50 /* ViewController.swift */ = {isa = PBXFileReference; lastKnownFileType = sourcecode.swift; path = ViewController.swift; sourceTree = "<group>"; };
		F0E23388241B3204001C2A50 /* Base */ = {isa = PBXFileReference; lastKnownFileType = file.storyboard; name = Base; path = Base.lproj/Main.storyboard; sourceTree = "<group>"; };
		F0E2338A241B3207001C2A50 /* Assets.xcassets */ = {isa = PBXFileReference; lastKnownFileType = folder.assetcatalog; path = Assets.xcassets; sourceTree = "<group>"; };
		F0E2338D241B3207001C2A50 /* Base */ = {isa = PBXFileReference; lastKnownFileType = file.storyboard; name = Base; path = Base.lproj/LaunchScreen.storyboard; sourceTree = "<group>"; };
		F0E2338F241B3207001C2A50 /* Info.plist */ = {isa = PBXFileReference; lastKnownFileType = text.plist.xml; path = Info.plist; sourceTree = "<group>"; };
		F0E23394241B3207001C2A50 /* NeuralStyleTransferTests.xctest */ = {isa = PBXFileReference; explicitFileType = wrapper.cfbundle; includeInIndex = 0; path = NeuralStyleTransferTests.xctest; sourceTree = BUILT_PRODUCTS_DIR; };
		F0E23398241B3207001C2A50 /* NeuralStyleTransferTests.swift */ = {isa = PBXFileReference; lastKnownFileType = sourcecode.swift; path = NeuralStyleTransferTests.swift; sourceTree = "<group>"; };
		F0E2339A241B3207001C2A50 /* Info.plist */ = {isa = PBXFileReference; lastKnownFileType = text.plist.xml; path = Info.plist; sourceTree = "<group>"; };
		F0E2339F241B3207001C2A50 /* NeuralStyleTransferUITests.xctest */ = {isa = PBXFileReference; explicitFileType = wrapper.cfbundle; includeInIndex = 0; path = NeuralStyleTransferUITests.xctest; sourceTree = BUILT_PRODUCTS_DIR; };
		F0E233A3241B3207001C2A50 /* NeuralStyleTransferUITests.swift */ = {isa = PBXFileReference; lastKnownFileType = sourcecode.swift; path = NeuralStyleTransferUITests.swift; sourceTree = "<group>"; };
		F0E233A5241B3207001C2A50 /* Info.plist */ = {isa = PBXFileReference; lastKnownFileType = text.plist.xml; path = Info.plist; sourceTree = "<group>"; };
		F0E233B5241D5447001C2A50 /* MLModelProvider.swift */ = {isa = PBXFileReference; lastKnownFileType = sourcecode.swift; path = MLModelProvider.swift; sourceTree = "<group>"; };
		F0E233B7241D547B001C2A50 /* ErrorUtil.swift */ = {isa = PBXFileReference; lastKnownFileType = sourcecode.swift; path = ErrorUtil.swift; sourceTree = "<group>"; };
		F0E233B9241D549B001C2A50 /* UIImage+Resize.swift */ = {isa = PBXFileReference; lastKnownFileType = sourcecode.swift; path = "UIImage+Resize.swift"; sourceTree = "<group>"; };
		F0E233BB241D54BB001C2A50 /* UIImage+CoreML.swift */ = {isa = PBXFileReference; lastKnownFileType = sourcecode.swift; path = "UIImage+CoreML.swift"; sourceTree = "<group>"; };
		F0F77173245F96300077D243 /* zh-Hans */ = {isa = PBXFileReference; lastKnownFileType = text.plist.strings; name = "zh-Hans"; path = "zh-Hans.lproj/Main.strings"; sourceTree = "<group>"; };
		F0F77174245F96300077D243 /* zh-Hans */ = {isa = PBXFileReference; lastKnownFileType = text.plist.strings; name = "zh-Hans"; path = "zh-Hans.lproj/LaunchScreen.strings"; sourceTree = "<group>"; };
		F0F77176245F96640077D243 /* en */ = {isa = PBXFileReference; lastKnownFileType = text.plist.strings; name = en; path = en.lproj/Localizable.strings; sourceTree = "<group>"; };
		F0F77179245F9CB70077D243 /* zh-Hans */ = {isa = PBXFileReference; lastKnownFileType = text.plist.strings; name = "zh-Hans"; path = "zh-Hans.lproj/Localizable.strings"; sourceTree = "<group>"; };
		F0F7717B246103320077D243 /* en */ = {isa = PBXFileReference; lastKnownFileType = text.plist.strings; name = en; path = en.lproj/Main.strings; sourceTree = "<group>"; };
		F0F7717C246105D70077D243 /* PaymentControllerViewController.swift */ = {isa = PBXFileReference; lastKnownFileType = sourcecode.swift; path = PaymentControllerViewController.swift; sourceTree = "<group>"; };
/* End PBXFileReference section */

/* Begin PBXFrameworksBuildPhase section */
		F0E2337B241B3204001C2A50 /* Frameworks */ = {
			isa = PBXFrameworksBuildPhase;
			buildActionMask = 2147483647;
			files = (
				4A42798DB3632426F038F5B5 /* libPods-NeuralStyleTransfer.a in Frameworks */,
			);
			runOnlyForDeploymentPostprocessing = 0;
		};
		F0E23391241B3207001C2A50 /* Frameworks */ = {
			isa = PBXFrameworksBuildPhase;
			buildActionMask = 2147483647;
			files = (
			);
			runOnlyForDeploymentPostprocessing = 0;
		};
		F0E2339C241B3207001C2A50 /* Frameworks */ = {
			isa = PBXFrameworksBuildPhase;
			buildActionMask = 2147483647;
			files = (
			);
			runOnlyForDeploymentPostprocessing = 0;
		};
/* End PBXFrameworksBuildPhase section */

/* Begin PBXGroup section */
		ED83A96F8D7E710E7C4359C1 /* Frameworks */ = {
			isa = PBXGroup;
			children = (
				CA309CC2F8289D744764216C /* libPods-NeuralStyleTransfer.a */,
			);
			name = Frameworks;
			sourceTree = "<group>";
		};
		F0E23375241B3204001C2A50 = {
			isa = PBXGroup;
			children = (
				F0E23380241B3204001C2A50 /* NeuralStyleTransfer */,
				F0E23397241B3207001C2A50 /* NeuralStyleTransferTests */,
				F0E233A2241B3207001C2A50 /* NeuralStyleTransferUITests */,
				F0E2337F241B3204001C2A50 /* Products */,
				F2E0D9DD9B5FF107F27A0B09 /* Pods */,
				ED83A96F8D7E710E7C4359C1 /* Frameworks */,
			);
			sourceTree = "<group>";
		};
		F0E2337F241B3204001C2A50 /* Products */ = {
			isa = PBXGroup;
			children = (
				F0E2337E241B3204001C2A50 /* NeuralStyleTransfer.app */,
				F0E23394241B3207001C2A50 /* NeuralStyleTransferTests.xctest */,
				F0E2339F241B3207001C2A50 /* NeuralStyleTransferUITests.xctest */,
			);
			name = Products;
			sourceTree = "<group>";
		};
		F0E23380241B3204001C2A50 /* NeuralStyleTransfer */ = {
			isa = PBXGroup;
			children = (
				F0893AE22451463E00C26CFE /* Pointillism.mlmodel */,
				F0893AE0245145EA00C26CFE /* StarryNight.mlmodel */,
				F0588641243815F000905B2A /* FNS-Udnie.mlmodel */,
				F058863D2435303500905B2A /* FNS-The-Scream.mlmodel */,
				F0ABBF7D242B139200084C40 /* FNS-La-Muse.mlmodel */,
				F0E23381241B3204001C2A50 /* AppDelegate.swift */,
				F0E23383241B3204001C2A50 /* SceneDelegate.swift */,
				F0E23385241B3204001C2A50 /* ViewController.swift */,
				F0E23387241B3204001C2A50 /* Main.storyboard */,
				F0E2338A241B3207001C2A50 /* Assets.xcassets */,
				F0E2338C241B3207001C2A50 /* LaunchScreen.storyboard */,
				F0E2338F241B3207001C2A50 /* Info.plist */,
				F0E233B5241D5447001C2A50 /* MLModelProvider.swift */,
				F058863F2436E06300905B2A /* StyleCollectionViewCell.swift */,
				F0E233B7241D547B001C2A50 /* ErrorUtil.swift */,
				F0D1104B24552E8E007531AA /* DownloadUtil.swift */,
				F0E233B9241D549B001C2A50 /* UIImage+Resize.swift */,
				F0E233BB241D54BB001C2A50 /* UIImage+CoreML.swift */,
				F0F77177245F96640077D243 /* Localizable.strings */,
				F0F7717C246105D70077D243 /* PaymentControllerViewController.swift */,
			);
			path = NeuralStyleTransfer;
			sourceTree = "<group>";
		};
		F0E23397241B3207001C2A50 /* NeuralStyleTransferTests */ = {
			isa = PBXGroup;
			children = (
				F0E23398241B3207001C2A50 /* NeuralStyleTransferTests.swift */,
				F0E2339A241B3207001C2A50 /* Info.plist */,
			);
			path = NeuralStyleTransferTests;
			sourceTree = "<group>";
		};
		F0E233A2241B3207001C2A50 /* NeuralStyleTransferUITests */ = {
			isa = PBXGroup;
			children = (
				F0E233A3241B3207001C2A50 /* NeuralStyleTransferUITests.swift */,
				F0E233A5241B3207001C2A50 /* Info.plist */,
			);
			path = NeuralStyleTransferUITests;
			sourceTree = "<group>";
		};
		F2E0D9DD9B5FF107F27A0B09 /* Pods */ = {
			isa = PBXGroup;
			children = (
				5D3DE4CE9A145F7842026C5C /* Pods-NeuralStyleTransfer.debug.xcconfig */,
				C87F1A4183C08816D73DBBCD /* Pods-NeuralStyleTransfer.release.xcconfig */,
			);
			path = Pods;
			sourceTree = "<group>";
		};
/* End PBXGroup section */

/* Begin PBXNativeTarget section */
		F0E2337D241B3204001C2A50 /* NeuralStyleTransfer */ = {
			isa = PBXNativeTarget;
			buildConfigurationList = F0E233A8241B3207001C2A50 /* Build configuration list for PBXNativeTarget "NeuralStyleTransfer" */;
			buildPhases = (
				D3EE1BB9404B92E561C55D49 /* [CP] Check Pods Manifest.lock */,
				F0E2337A241B3204001C2A50 /* Sources */,
				F0E2337B241B3204001C2A50 /* Frameworks */,
				F0E2337C241B3204001C2A50 /* Resources */,
			);
			buildRules = (
			);
			dependencies = (
			);
			name = NeuralStyleTransfer;
			productName = NeuralStyleTransfer;
			productReference = F0E2337E241B3204001C2A50 /* NeuralStyleTransfer.app */;
			productType = "com.apple.product-type.application";
		};
		F0E23393241B3207001C2A50 /* NeuralStyleTransferTests */ = {
			isa = PBXNativeTarget;
			buildConfigurationList = F0E233AB241B3207001C2A50 /* Build configuration list for PBXNativeTarget "NeuralStyleTransferTests" */;
			buildPhases = (
				F0E23390241B3207001C2A50 /* Sources */,
				F0E23391241B3207001C2A50 /* Frameworks */,
				F0E23392241B3207001C2A50 /* Resources */,
			);
			buildRules = (
			);
			dependencies = (
				F0E23396241B3207001C2A50 /* PBXTargetDependency */,
			);
			name = NeuralStyleTransferTests;
			productName = NeuralStyleTransferTests;
			productReference = F0E23394241B3207001C2A50 /* NeuralStyleTransferTests.xctest */;
			productType = "com.apple.product-type.bundle.unit-test";
		};
		F0E2339E241B3207001C2A50 /* NeuralStyleTransferUITests */ = {
			isa = PBXNativeTarget;
			buildConfigurationList = F0E233AE241B3207001C2A50 /* Build configuration list for PBXNativeTarget "NeuralStyleTransferUITests" */;
			buildPhases = (
				F0E2339B241B3207001C2A50 /* Sources */,
				F0E2339C241B3207001C2A50 /* Frameworks */,
				F0E2339D241B3207001C2A50 /* Resources */,
			);
			buildRules = (
			);
			dependencies = (
				F0E233A1241B3207001C2A50 /* PBXTargetDependency */,
			);
			name = NeuralStyleTransferUITests;
			productName = NeuralStyleTransferUITests;
			productReference = F0E2339F241B3207001C2A50 /* NeuralStyleTransferUITests.xctest */;
			productType = "com.apple.product-type.bundle.ui-testing";
		};
/* End PBXNativeTarget section */

/* Begin PBXProject section */
		F0E23376241B3204001C2A50 /* Project object */ = {
			isa = PBXProject;
			attributes = {
				LastSwiftUpdateCheck = 1130;
				LastUpgradeCheck = 1130;
				ORGANIZATIONNAME = "Xiaoyu Wang";
				TargetAttributes = {
					F0E2337D241B3204001C2A50 = {
						CreatedOnToolsVersion = 11.3.1;
					};
					F0E23393241B3207001C2A50 = {
						CreatedOnToolsVersion = 11.3.1;
						TestTargetID = F0E2337D241B3204001C2A50;
					};
					F0E2339E241B3207001C2A50 = {
						CreatedOnToolsVersion = 11.3.1;
						TestTargetID = F0E2337D241B3204001C2A50;
					};
				};
			};
			buildConfigurationList = F0E23379241B3204001C2A50 /* Build configuration list for PBXProject "NeuralStyleTransfer" */;
			compatibilityVersion = "Xcode 9.3";
			developmentRegion = en;
			hasScannedForEncodings = 0;
			knownRegions = (
				en,
				Base,
				"zh-Hans",
			);
			mainGroup = F0E23375241B3204001C2A50;
			productRefGroup = F0E2337F241B3204001C2A50 /* Products */;
			projectDirPath = "";
			projectRoot = "";
			targets = (
				F0E2337D241B3204001C2A50 /* NeuralStyleTransfer */,
				F0E23393241B3207001C2A50 /* NeuralStyleTransferTests */,
				F0E2339E241B3207001C2A50 /* NeuralStyleTransferUITests */,
			);
		};
/* End PBXProject section */

/* Begin PBXResourcesBuildPhase section */
		F0E2337C241B3204001C2A50 /* Resources */ = {
			isa = PBXResourcesBuildPhase;
			buildActionMask = 2147483647;
			files = (
				F0F77175245F96640077D243 /* Localizable.strings in Resources */,
				F0E2338E241B3207001C2A50 /* LaunchScreen.storyboard in Resources */,
				F0E2338B241B3207001C2A50 /* Assets.xcassets in Resources */,
				F0E23389241B3204001C2A50 /* Main.storyboard in Resources */,
			);
			runOnlyForDeploymentPostprocessing = 0;
		};
		F0E23392241B3207001C2A50 /* Resources */ = {
			isa = PBXResourcesBuildPhase;
			buildActionMask = 2147483647;
			files = (
			);
			runOnlyForDeploymentPostprocessing = 0;
		};
		F0E2339D241B3207001C2A50 /* Resources */ = {
			isa = PBXResourcesBuildPhase;
			buildActionMask = 2147483647;
			files = (
			);
			runOnlyForDeploymentPostprocessing = 0;
		};
/* End PBXResourcesBuildPhase section */

/* Begin PBXShellScriptBuildPhase section */
		D3EE1BB9404B92E561C55D49 /* [CP] Check Pods Manifest.lock */ = {
			isa = PBXShellScriptBuildPhase;
			buildActionMask = 2147483647;
			files = (
			);
			inputFileListPaths = (
			);
			inputPaths = (
				"${PODS_PODFILE_DIR_PATH}/Podfile.lock",
				"${PODS_ROOT}/Manifest.lock",
			);
			name = "[CP] Check Pods Manifest.lock";
			outputFileListPaths = (
			);
			outputPaths = (
				"$(DERIVED_FILE_DIR)/Pods-NeuralStyleTransfer-checkManifestLockResult.txt",
			);
			runOnlyForDeploymentPostprocessing = 0;
			shellPath = /bin/sh;
			shellScript = "diff \"${PODS_PODFILE_DIR_PATH}/Podfile.lock\" \"${PODS_ROOT}/Manifest.lock\" > /dev/null\nif [ $? != 0 ] ; then\n    # print error to STDERR\n    echo \"error: The sandbox is not in sync with the Podfile.lock. Run 'pod install' or update your CocoaPods installation.\" >&2\n    exit 1\nfi\n# This output is used by Xcode 'outputs' to avoid re-running this script phase.\necho \"SUCCESS\" > \"${SCRIPT_OUTPUT_FILE_0}\"\n";
			showEnvVarsInLog = 0;
		};
/* End PBXShellScriptBuildPhase section */

/* Begin PBXSourcesBuildPhase section */
		F0E2337A241B3204001C2A50 /* Sources */ = {
			isa = PBXSourcesBuildPhase;
			buildActionMask = 2147483647;
			files = (
				F05886402436E06300905B2A /* StyleCollectionViewCell.swift in Sources */,
				F0588642243815F100905B2A /* FNS-Udnie.mlmodel in Sources */,
				F0E23386241B3204001C2A50 /* ViewController.swift in Sources */,
				F0E233B6241D5447001C2A50 /* MLModelProvider.swift in Sources */,
				F0F7717D246105D70077D243 /* PaymentControllerViewController.swift in Sources */,
				F0E233BC241D54BB001C2A50 /* UIImage+CoreML.swift in Sources */,
				F0ABBF7E242B139200084C40 /* FNS-La-Muse.mlmodel in Sources */,
				F0893AE1245145EA00C26CFE /* StarryNight.mlmodel in Sources */,
				F0E233B8241D547B001C2A50 /* ErrorUtil.swift in Sources */,
				F0D1104C24552E8E007531AA /* DownloadUtil.swift in Sources */,
				F0E23382241B3204001C2A50 /* AppDelegate.swift in Sources */,
				F0E23384241B3204001C2A50 /* SceneDelegate.swift in Sources */,
				F0E233BA241D549B001C2A50 /* UIImage+Resize.swift in Sources */,
				F0893AE32451463E00C26CFE /* Pointillism.mlmodel in Sources */,
				F058863E2435303500905B2A /* FNS-The-Scream.mlmodel in Sources */,
			);
			runOnlyForDeploymentPostprocessing = 0;
		};
		F0E23390241B3207001C2A50 /* Sources */ = {
			isa = PBXSourcesBuildPhase;
			buildActionMask = 2147483647;
			files = (
				F0E23399241B3207001C2A50 /* NeuralStyleTransferTests.swift in Sources */,
			);
			runOnlyForDeploymentPostprocessing = 0;
		};
		F0E2339B241B3207001C2A50 /* Sources */ = {
			isa = PBXSourcesBuildPhase;
			buildActionMask = 2147483647;
			files = (
				F0E233A4241B3207001C2A50 /* NeuralStyleTransferUITests.swift in Sources */,
			);
			runOnlyForDeploymentPostprocessing = 0;
		};
/* End PBXSourcesBuildPhase section */

/* Begin PBXTargetDependency section */
		F0E23396241B3207001C2A50 /* PBXTargetDependency */ = {
			isa = PBXTargetDependency;
			target = F0E2337D241B3204001C2A50 /* NeuralStyleTransfer */;
			targetProxy = F0E23395241B3207001C2A50 /* PBXContainerItemProxy */;
		};
		F0E233A1241B3207001C2A50 /* PBXTargetDependency */ = {
			isa = PBXTargetDependency;
			target = F0E2337D241B3204001C2A50 /* NeuralStyleTransfer */;
			targetProxy = F0E233A0241B3207001C2A50 /* PBXContainerItemProxy */;
		};
/* End PBXTargetDependency section */

/* Begin PBXVariantGroup section */
		F0E23387241B3204001C2A50 /* Main.storyboard */ = {
			isa = PBXVariantGroup;
			children = (
				F0E23388241B3204001C2A50 /* Base */,
				F0F77173245F96300077D243 /* zh-Hans */,
				F0F7717B246103320077D243 /* en */,
			);
			name = Main.storyboard;
			sourceTree = "<group>";
		};
		F0E2338C241B3207001C2A50 /* LaunchScreen.storyboard */ = {
			isa = PBXVariantGroup;
			children = (
				F0E2338D241B3207001C2A50 /* Base */,
				F0F77174245F96300077D243 /* zh-Hans */,
			);
			name = LaunchScreen.storyboard;
			sourceTree = "<group>";
		};
		F0F77177245F96640077D243 /* Localizable.strings */ = {
			isa = PBXVariantGroup;
			children = (
				F0F77176245F96640077D243 /* en */,
				F0F77179245F9CB70077D243 /* zh-Hans */,
			);
			name = Localizable.strings;
			sourceTree = "<group>";
		};
/* End PBXVariantGroup section */

/* Begin XCBuildConfiguration section */
		F0E233A6241B3207001C2A50 /* Debug */ = {
			isa = XCBuildConfiguration;
			buildSettings = {
				ALWAYS_SEARCH_USER_PATHS = NO;
				CLANG_ANALYZER_LOCALIZABILITY_NONLOCALIZED = YES;
				CLANG_ANALYZER_NONNULL = YES;
				CLANG_ANALYZER_NUMBER_OBJECT_CONVERSION = YES_AGGRESSIVE;
				CLANG_CXX_LANGUAGE_STANDARD = "gnu++14";
				CLANG_CXX_LIBRARY = "libc++";
				CLANG_ENABLE_MODULES = YES;
				CLANG_ENABLE_OBJC_ARC = YES;
				CLANG_ENABLE_OBJC_WEAK = YES;
				CLANG_WARN_BLOCK_CAPTURE_AUTORELEASING = YES;
				CLANG_WARN_BOOL_CONVERSION = YES;
				CLANG_WARN_COMMA = YES;
				CLANG_WARN_CONSTANT_CONVERSION = YES;
				CLANG_WARN_DEPRECATED_OBJC_IMPLEMENTATIONS = YES;
				CLANG_WARN_DIRECT_OBJC_ISA_USAGE = YES_ERROR;
				CLANG_WARN_DOCUMENTATION_COMMENTS = YES;
				CLANG_WARN_EMPTY_BODY = YES;
				CLANG_WARN_ENUM_CONVERSION = YES;
				CLANG_WARN_INFINITE_RECURSION = YES;
				CLANG_WARN_INT_CONVERSION = YES;
				CLANG_WARN_NON_LITERAL_NULL_CONVERSION = YES;
				CLANG_WARN_OBJC_IMPLICIT_RETAIN_SELF = YES;
				CLANG_WARN_OBJC_LITERAL_CONVERSION = YES;
				CLANG_WARN_OBJC_ROOT_CLASS = YES_ERROR;
				CLANG_WARN_RANGE_LOOP_ANALYSIS = YES;
				CLANG_WARN_STRICT_PROTOTYPES = YES;
				CLANG_WARN_SUSPICIOUS_MOVE = YES;
				CLANG_WARN_UNGUARDED_AVAILABILITY = YES_AGGRESSIVE;
				CLANG_WARN_UNREACHABLE_CODE = YES;
				CLANG_WARN__DUPLICATE_METHOD_MATCH = YES;
				COPY_PHASE_STRIP = NO;
				DEBUG_INFORMATION_FORMAT = dwarf;
				ENABLE_STRICT_OBJC_MSGSEND = YES;
				ENABLE_TESTABILITY = YES;
				GCC_C_LANGUAGE_STANDARD = gnu11;
				GCC_DYNAMIC_NO_PIC = NO;
				GCC_NO_COMMON_BLOCKS = YES;
				GCC_OPTIMIZATION_LEVEL = 0;
				GCC_PREPROCESSOR_DEFINITIONS = (
					"DEBUG=1",
					"$(inherited)",
				);
				GCC_WARN_64_TO_32_BIT_CONVERSION = YES;
				GCC_WARN_ABOUT_RETURN_TYPE = YES_ERROR;
				GCC_WARN_UNDECLARED_SELECTOR = YES;
				GCC_WARN_UNINITIALIZED_AUTOS = YES_AGGRESSIVE;
				GCC_WARN_UNUSED_FUNCTION = YES;
				GCC_WARN_UNUSED_VARIABLE = YES;
				IPHONEOS_DEPLOYMENT_TARGET = 13.2;
				MTL_ENABLE_DEBUG_INFO = INCLUDE_SOURCE;
				MTL_FAST_MATH = YES;
				ONLY_ACTIVE_ARCH = YES;
				SDKROOT = iphoneos;
				SWIFT_ACTIVE_COMPILATION_CONDITIONS = DEBUG;
				SWIFT_OPTIMIZATION_LEVEL = "-Onone";
			};
			name = Debug;
		};
		F0E233A7241B3207001C2A50 /* Release */ = {
			isa = XCBuildConfiguration;
			buildSettings = {
				ALWAYS_SEARCH_USER_PATHS = NO;
				CLANG_ANALYZER_LOCALIZABILITY_NONLOCALIZED = YES;
				CLANG_ANALYZER_NONNULL = YES;
				CLANG_ANALYZER_NUMBER_OBJECT_CONVERSION = YES_AGGRESSIVE;
				CLANG_CXX_LANGUAGE_STANDARD = "gnu++14";
				CLANG_CXX_LIBRARY = "libc++";
				CLANG_ENABLE_MODULES = YES;
				CLANG_ENABLE_OBJC_ARC = YES;
				CLANG_ENABLE_OBJC_WEAK = YES;
				CLANG_WARN_BLOCK_CAPTURE_AUTORELEASING = YES;
				CLANG_WARN_BOOL_CONVERSION = YES;
				CLANG_WARN_COMMA = YES;
				CLANG_WARN_CONSTANT_CONVERSION = YES;
				CLANG_WARN_DEPRECATED_OBJC_IMPLEMENTATIONS = YES;
				CLANG_WARN_DIRECT_OBJC_ISA_USAGE = YES_ERROR;
				CLANG_WARN_DOCUMENTATION_COMMENTS = YES;
				CLANG_WARN_EMPTY_BODY = YES;
				CLANG_WARN_ENUM_CONVERSION = YES;
				CLANG_WARN_INFINITE_RECURSION = YES;
				CLANG_WARN_INT_CONVERSION = YES;
				CLANG_WARN_NON_LITERAL_NULL_CONVERSION = YES;
				CLANG_WARN_OBJC_IMPLICIT_RETAIN_SELF = YES;
				CLANG_WARN_OBJC_LITERAL_CONVERSION = YES;
				CLANG_WARN_OBJC_ROOT_CLASS = YES_ERROR;
				CLANG_WARN_RANGE_LOOP_ANALYSIS = YES;
				CLANG_WARN_STRICT_PROTOTYPES = YES;
				CLANG_WARN_SUSPICIOUS_MOVE = YES;
				CLANG_WARN_UNGUARDED_AVAILABILITY = YES_AGGRESSIVE;
				CLANG_WARN_UNREACHABLE_CODE = YES;
				CLANG_WARN__DUPLICATE_METHOD_MATCH = YES;
				COPY_PHASE_STRIP = NO;
				DEBUG_INFORMATION_FORMAT = "dwarf-with-dsym";
				ENABLE_NS_ASSERTIONS = NO;
				ENABLE_STRICT_OBJC_MSGSEND = YES;
				GCC_C_LANGUAGE_STANDARD = gnu11;
				GCC_NO_COMMON_BLOCKS = YES;
				GCC_WARN_64_TO_32_BIT_CONVERSION = YES;
				GCC_WARN_ABOUT_RETURN_TYPE = YES_ERROR;
				GCC_WARN_UNDECLARED_SELECTOR = YES;
				GCC_WARN_UNINITIALIZED_AUTOS = YES_AGGRESSIVE;
				GCC_WARN_UNUSED_FUNCTION = YES;
				GCC_WARN_UNUSED_VARIABLE = YES;
				IPHONEOS_DEPLOYMENT_TARGET = 13.2;
				MTL_ENABLE_DEBUG_INFO = NO;
				MTL_FAST_MATH = YES;
				SDKROOT = iphoneos;
				SWIFT_COMPILATION_MODE = wholemodule;
				SWIFT_OPTIMIZATION_LEVEL = "-O";
				VALIDATE_PRODUCT = YES;
			};
			name = Release;
		};
		F0E233A9241B3207001C2A50 /* Debug */ = {
			isa = XCBuildConfiguration;
			baseConfigurationReference = 5D3DE4CE9A145F7842026C5C /* Pods-NeuralStyleTransfer.debug.xcconfig */;
			buildSettings = {
				ASSETCATALOG_COMPILER_APPICON_NAME = AppIcon;
				CODE_SIGN_IDENTITY = "Apple Development";
				CODE_SIGN_STYLE = Automatic;
				DEVELOPMENT_TEAM = 32A3FN79BD;
				INFOPLIST_FILE = NeuralStyleTransfer/Info.plist;
				LD_RUNPATH_SEARCH_PATHS = (
					"$(inherited)",
					"@executable_path/Frameworks",
				);
				PRODUCT_BUNDLE_IDENTIFIER = edu.hofstra.xiaoyu.NeuralStyleTransfer;
				PRODUCT_NAME = "$(TARGET_NAME)";
				PROVISIONING_PROFILE_SPECIFIER = "";
				SWIFT_VERSION = 5.0;
				TARGETED_DEVICE_FAMILY = "1,2";
			};
			name = Debug;
		};
		F0E233AA241B3207001C2A50 /* Release */ = {
			isa = XCBuildConfiguration;
			baseConfigurationReference = C87F1A4183C08816D73DBBCD /* Pods-NeuralStyleTransfer.release.xcconfig */;
			buildSettings = {
				ASSETCATALOG_COMPILER_APPICON_NAME = AppIcon;
				CODE_SIGN_IDENTITY = "Apple Development";
				CODE_SIGN_STYLE = Automatic;
				DEVELOPMENT_TEAM = 32A3FN79BD;
				INFOPLIST_FILE = NeuralStyleTransfer/Info.plist;
				LD_RUNPATH_SEARCH_PATHS = (
					"$(inherited)",
					"@executable_path/Frameworks",
				);
				PRODUCT_BUNDLE_IDENTIFIER = edu.hofstra.xiaoyu.NeuralStyleTransfer;
				PRODUCT_NAME = "$(TARGET_NAME)";
				PROVISIONING_PROFILE_SPECIFIER = "";
				SWIFT_VERSION = 5.0;
				TARGETED_DEVICE_FAMILY = "1,2";
			};
			name = Release;
		};
		F0E233AC241B3207001C2A50 /* Debug */ = {
			isa = XCBuildConfiguration;
			buildSettings = {
				ALWAYS_EMBED_SWIFT_STANDARD_LIBRARIES = YES;
				BUNDLE_LOADER = "$(TEST_HOST)";
				CODE_SIGN_STYLE = Automatic;
				DEVELOPMENT_TEAM = 32A3FN79BD;
				INFOPLIST_FILE = NeuralStyleTransferTests/Info.plist;
				IPHONEOS_DEPLOYMENT_TARGET = 13.2;
				LD_RUNPATH_SEARCH_PATHS = (
					"$(inherited)",
					"@executable_path/Frameworks",
					"@loader_path/Frameworks",
				);
				PRODUCT_BUNDLE_IDENTIFIER = edu.hofstra.xiaoyu.NeuralStyleTransferTests;
				PRODUCT_NAME = "$(TARGET_NAME)";
				SWIFT_VERSION = 5.0;
				TARGETED_DEVICE_FAMILY = "1,2";
				TEST_HOST = "$(BUILT_PRODUCTS_DIR)/NeuralStyleTransfer.app/NeuralStyleTransfer";
			};
			name = Debug;
		};
		F0E233AD241B3207001C2A50 /* Release */ = {
			isa = XCBuildConfiguration;
			buildSettings = {
				ALWAYS_EMBED_SWIFT_STANDARD_LIBRARIES = YES;
				BUNDLE_LOADER = "$(TEST_HOST)";
				CODE_SIGN_STYLE = Automatic;
				DEVELOPMENT_TEAM = 32A3FN79BD;
				INFOPLIST_FILE = NeuralStyleTransferTests/Info.plist;
				IPHONEOS_DEPLOYMENT_TARGET = 13.2;
				LD_RUNPATH_SEARCH_PATHS = (
					"$(inherited)",
					"@executable_path/Frameworks",
					"@loader_path/Frameworks",
				);
				PRODUCT_BUNDLE_IDENTIFIER = edu.hofstra.xiaoyu.NeuralStyleTransferTests;
				PRODUCT_NAME = "$(TARGET_NAME)";
				SWIFT_VERSION = 5.0;
				TARGETED_DEVICE_FAMILY = "1,2";
				TEST_HOST = "$(BUILT_PRODUCTS_DIR)/NeuralStyleTransfer.app/NeuralStyleTransfer";
			};
			name = Release;
		};
		F0E233AF241B3207001C2A50 /* Debug */ = {
			isa = XCBuildConfiguration;
			buildSettings = {
				ALWAYS_EMBED_SWIFT_STANDARD_LIBRARIES = YES;
				CODE_SIGN_STYLE = Automatic;
				DEVELOPMENT_TEAM = 32A3FN79BD;
				INFOPLIST_FILE = NeuralStyleTransferUITests/Info.plist;
				LD_RUNPATH_SEARCH_PATHS = (
					"$(inherited)",
					"@executable_path/Frameworks",
					"@loader_path/Frameworks",
				);
				PRODUCT_BUNDLE_IDENTIFIER = edu.hofstra.xiaoyu.NeuralStyleTransferUITests;
				PRODUCT_NAME = "$(TARGET_NAME)";
				SWIFT_VERSION = 5.0;
				TARGETED_DEVICE_FAMILY = "1,2";
				TEST_TARGET_NAME = NeuralStyleTransfer;
			};
			name = Debug;
		};
		F0E233B0241B3207001C2A50 /* Release */ = {
			isa = XCBuildConfiguration;
			buildSettings = {
				ALWAYS_EMBED_SWIFT_STANDARD_LIBRARIES = YES;
				CODE_SIGN_STYLE = Automatic;
				DEVELOPMENT_TEAM = 32A3FN79BD;
				INFOPLIST_FILE = NeuralStyleTransferUITests/Info.plist;
				LD_RUNPATH_SEARCH_PATHS = (
					"$(inherited)",
					"@executable_path/Frameworks",
					"@loader_path/Frameworks",
				);
				PRODUCT_BUNDLE_IDENTIFIER = edu.hofstra.xiaoyu.NeuralStyleTransferUITests;
				PRODUCT_NAME = "$(TARGET_NAME)";
				SWIFT_VERSION = 5.0;
				TARGETED_DEVICE_FAMILY = "1,2";
				TEST_TARGET_NAME = NeuralStyleTransfer;
			};
			name = Release;
		};
/* End XCBuildConfiguration section */

/* Begin XCConfigurationList section */
		F0E23379241B3204001C2A50 /* Build configuration list for PBXProject "NeuralStyleTransfer" */ = {
			isa = XCConfigurationList;
			buildConfigurations = (
				F0E233A6241B3207001C2A50 /* Debug */,
				F0E233A7241B3207001C2A50 /* Release */,
			);
			defaultConfigurationIsVisible = 0;
			defaultConfigurationName = Release;
		};
		F0E233A8241B3207001C2A50 /* Build configuration list for PBXNativeTarget "NeuralStyleTransfer" */ = {
			isa = XCConfigurationList;
			buildConfigurations = (
				F0E233A9241B3207001C2A50 /* Debug */,
				F0E233AA241B3207001C2A50 /* Release */,
			);
			defaultConfigurationIsVisible = 0;
			defaultConfigurationName = Release;
		};
		F0E233AB241B3207001C2A50 /* Build configuration list for PBXNativeTarget "NeuralStyleTransferTests" */ = {
			isa = XCConfigurationList;
			buildConfigurations = (
				F0E233AC241B3207001C2A50 /* Debug */,
				F0E233AD241B3207001C2A50 /* Release */,
			);
			defaultConfigurationIsVisible = 0;
			defaultConfigurationName = Release;
		};
		F0E233AE241B3207001C2A50 /* Build configuration list for PBXNativeTarget "NeuralStyleTransferUITests" */ = {
			isa = XCConfigurationList;
			buildConfigurations = (
				F0E233AF241B3207001C2A50 /* Debug */,
				F0E233B0241B3207001C2A50 /* Release */,
			);
			defaultConfigurationIsVisible = 0;
			defaultConfigurationName = Release;
		};
/* End XCConfigurationList section */
	};
	rootObject = F0E23376241B3204001C2A50 /* Project object */;
}
